{
  "name": "root",
  "lockfileVersion": 2,
  "requires": true,
  "packages": {
    "": {
      "name": "root",
      "license": "MIT",
      "workspaces": [
        "packages/*"
      ]
    },
    "node_modules/@vb-ws/a": {
      "resolved": "packages/a",
      "link": true
    },
    "node_modules/@vb-ws/asdf": {
      "resolved": "packages/asdf",
      "link": true
    },
    "node_modules/@vb-ws/d": {
      "resolved": "packages/d",
      "link": true
    },
    "node_modules/@vb-ws/f": {
      "resolved": "packages/f",
      "link": true
    },
    "node_modules/@vb-ws/s": {
      "resolved": "packages/s",
      "link": true
    },
    "packages/a": {
      "name": "@vb-ws/a",
      "version": "0.0.0",
      "license": "MIT"
    },
    "packages/asdf": {
      "name": "@vb-ws/asdf",
      "version": "0.0.0",
      "license": "MIT",
      "dependencies": {
        "@vb-ws/a": "^0.0.0",
        "@vb-ws/d": "^0.0.0",
        "@vb-ws/f": "^0.0.0",
        "@vb-ws/s": "^0.0.0"
      }
    },
    "packages/d": {
      "name": "@vb-ws/d",
      "version": "0.0.0",
      "license": "MIT"
    },
    "packages/f": {
      "name": "@vb-ws/f",
      "version": "0.0.0",
      "license": "MIT"
    },
    "packages/s": {
      "name": "@vb-ws/s",
      "version": "0.0.0",
      "license": "MIT"
    }
  },
  "dependencies": {
    "@vb-ws/a": {
      "version": "file:packages/a"
    },
    "@vb-ws/asdf": {
      "version": "file:packages/asdf",
      "requires": {
        "@vb-ws/a": "^0.0.0",
        "@vb-ws/d": "^0.0.0",
        "@vb-ws/f": "^0.0.0",
        "@vb-ws/s": "^0.0.0"
      }
    },
    "@vb-ws/d": {
      "version": "file:packages/d"
    },
    "@vb-ws/f": {
      "version": "file:packages/f"
    },
    "@vb-ws/s": {
      "version": "file:packages/s"
    }
  }
}
